
Microsoft Visual Studio Solution File, Format Version 9.00
# Visual Studio 2005
Project("{8BC9CEB8-8B4A-11D0-8D11-00A0C91BC942}") = "PrivacyGuard", "PrivacyGuard.vcproj", "{A38904FE-63EB-4059-8347-29C8F951366F}"
EndProject
Global
	GlobalSection(SolutionConfigurationPlatforms) = preSolution
		Debug|Win32 = Debug|Win32
		Release|Win32 = Release|Win32
	EndGlobalSection
	GlobalSection(ProjectConfigurationPlatforms) = postSolution
		{A38904FE-63EB-4059-8347-29C8F951366F}.Debug|Win32.ActiveCfg = Debug|Win32
		{A38904FE-63EB-4059-8347-29C8F951366F}.Debug|Win32.Build.0 = Debug|Win32
		{A38904FE-63EB-4059-8347-29C8F951366F}.Release|Win32.ActiveCfg = Release|Win32
		{A38904FE-63EB-4059-8347-29C8F951366F}.Release|Win32.Build.0 = Release|Win32
	EndGlobalSection
	GlobalSection(SolutionProperties) = preSolution
		HideSolutionNode = FALSE
	EndGlobalSection
EndGlobal

